
Microsoft Visual Studio Solution File, Format Version 12.00
# Visual Studio Version 17
VisualStudioVersion = 17.12.35514.174
MinimumVisualStudioVersion = 10.0.40219.1
Project("{2150E333-8FDC-42A3-9474-1A3956D46DE8}") = "Bootstrapper", "Bootstrapper", "{D1F8D285-A6E8-4197-84F0-1D8BD3B0AE0A}"
EndProject
Project("{2150E333-8FDC-42A3-9474-1A3956D46DE8}") = "Modules", "Modules", "{7DC6D010-5D76-4142-96FA-54D3EAA6D6FD}"
EndProject
Project("{2150E333-8FDC-42A3-9474-1A3956D46DE8}") = "Shared", "Shared", "{7CC3502C-723F-4BF1-ABDE-4D02CEDBA02B}"
EndProject
Project("{FAE04EC0-301F-11D3-BF4B-00C04F79EFBC}") = "API", "API\API.csproj", "{CD107066-58E6-4945-B790-1844BC402A12}"
EndProject
Project("{2150E333-8FDC-42A3-9474-1A3956D46DE8}") = "Catalog", "Catalog", "{F60E2E23-B115-4FE7-B38A-5D06BEAFEB98}"
EndProject
Project("{2150E333-8FDC-42A3-9474-1A3956D46DE8}") = "Basket", "Basket", "{467AA103-DF43-45C3-AB6B-8DCBCA2D609F}"
EndProject
Project("{2150E333-8FDC-42A3-9474-1A3956D46DE8}") = "Ordering", "Ordering", "{31C722B1-98D1-417B-8116-52201B260543}"
EndProject
Project("{FAE04EC0-301F-11D3-BF4B-00C04F79EFBC}") = "Basket", "Basket\Basket.csproj", "{F99F66A5-BB95-46FF-BD0E-EB1598717508}"
EndProject
Project("{FAE04EC0-301F-11D3-BF4B-00C04F79EFBC}") = "Catalog", "Catalog\Catalog.csproj", "{3E71E5A3-F273-4170-9892-34A8AFE7C58B}"
EndProject
Project("{FAE04EC0-301F-11D3-BF4B-00C04F79EFBC}") = "Ordering", "Ordering\Ordering.csproj", "{EB52C2B7-A002-4CC2-A009-B4DB58768255}"
EndProject
Project("{FAE04EC0-301F-11D3-BF4B-00C04F79EFBC}") = "Shared", "Shared\Shared.csproj", "{127EB286-E5A0-40A8-B4C3-993236C3FF5F}"
EndProject
Project("{E53339B2-1760-4266-BCC7-CA923CBCF16C}") = "docker-compose", "docker-compose.dcproj", "{01D66221-B0E5-4F5D-B3F3-E2EB0D4F8F52}"
EndProject
Global
	GlobalSection(SolutionConfigurationPlatforms) = preSolution
		Debug|Any CPU = Debug|Any CPU
		Release|Any CPU = Release|Any CPU
	EndGlobalSection
	GlobalSection(ProjectConfigurationPlatforms) = postSolution
		{CD107066-58E6-4945-B790-1844BC402A12}.Debug|Any CPU.ActiveCfg = Debug|Any CPU
		{CD107066-58E6-4945-B790-1844BC402A12}.Debug|Any CPU.Build.0 = Debug|Any CPU
		{CD107066-58E6-4945-B790-1844BC402A12}.Release|Any CPU.ActiveCfg = Release|Any CPU
		{CD107066-58E6-4945-B790-1844BC402A12}.Release|Any CPU.Build.0 = Release|Any CPU
		{F99F66A5-BB95-46FF-BD0E-EB1598717508}.Debug|Any CPU.ActiveCfg = Debug|Any CPU
		{F99F66A5-BB95-46FF-BD0E-EB1598717508}.Debug|Any CPU.Build.0 = Debug|Any CPU
		{F99F66A5-BB95-46FF-BD0E-EB1598717508}.Release|Any CPU.ActiveCfg = Release|Any CPU
		{F99F66A5-BB95-46FF-BD0E-EB1598717508}.Release|Any CPU.Build.0 = Release|Any CPU
		{3E71E5A3-F273-4170-9892-34A8AFE7C58B}.Debug|Any CPU.ActiveCfg = Debug|Any CPU
		{3E71E5A3-F273-4170-9892-34A8AFE7C58B}.Debug|Any CPU.Build.0 = Debug|Any CPU
		{3E71E5A3-F273-4170-9892-34A8AFE7C58B}.Release|Any CPU.ActiveCfg = Release|Any CPU
		{3E71E5A3-F273-4170-9892-34A8AFE7C58B}.Release|Any CPU.Build.0 = Release|Any CPU
		{EB52C2B7-A002-4CC2-A009-B4DB58768255}.Debug|Any CPU.ActiveCfg = Debug|Any CPU
		{EB52C2B7-A002-4CC2-A009-B4DB58768255}.Debug|Any CPU.Build.0 = Debug|Any CPU
		{EB52C2B7-A002-4CC2-A009-B4DB58768255}.Release|Any CPU.ActiveCfg = Release|Any CPU
		{EB52C2B7-A002-4CC2-A009-B4DB58768255}.Release|Any CPU.Build.0 = Release|Any CPU
		{127EB286-E5A0-40A8-B4C3-993236C3FF5F}.Debug|Any CPU.ActiveCfg = Debug|Any CPU
		{127EB286-E5A0-40A8-B4C3-993236C3FF5F}.Debug|Any CPU.Build.0 = Debug|Any CPU
		{127EB286-E5A0-40A8-B4C3-993236C3FF5F}.Release|Any CPU.ActiveCfg = Release|Any CPU
		{127EB286-E5A0-40A8-B4C3-993236C3FF5F}.Release|Any CPU.Build.0 = Release|Any CPU
		{01D66221-B0E5-4F5D-B3F3-E2EB0D4F8F52}.Debug|Any CPU.ActiveCfg = Debug|Any CPU
		{01D66221-B0E5-4F5D-B3F3-E2EB0D4F8F52}.Debug|Any CPU.Build.0 = Debug|Any CPU
		{01D66221-B0E5-4F5D-B3F3-E2EB0D4F8F52}.Release|Any CPU.ActiveCfg = Release|Any CPU
		{01D66221-B0E5-4F5D-B3F3-E2EB0D4F8F52}.Release|Any CPU.Build.0 = Release|Any CPU
	EndGlobalSection
	GlobalSection(SolutionProperties) = preSolution
		HideSolutionNode = FALSE
	EndGlobalSection
	GlobalSection(NestedProjects) = preSolution
		{CD107066-58E6-4945-B790-1844BC402A12} = {D1F8D285-A6E8-4197-84F0-1D8BD3B0AE0A}
		{F60E2E23-B115-4FE7-B38A-5D06BEAFEB98} = {7DC6D010-5D76-4142-96FA-54D3EAA6D6FD}
		{467AA103-DF43-45C3-AB6B-8DCBCA2D609F} = {7DC6D010-5D76-4142-96FA-54D3EAA6D6FD}
		{31C722B1-98D1-417B-8116-52201B260543} = {7DC6D010-5D76-4142-96FA-54D3EAA6D6FD}
		{F99F66A5-BB95-46FF-BD0E-EB1598717508} = {467AA103-DF43-45C3-AB6B-8DCBCA2D609F}
		{3E71E5A3-F273-4170-9892-34A8AFE7C58B} = {F60E2E23-B115-4FE7-B38A-5D06BEAFEB98}
		{EB52C2B7-A002-4CC2-A009-B4DB58768255} = {31C722B1-98D1-417B-8116-52201B260543}
		{127EB286-E5A0-40A8-B4C3-993236C3FF5F} = {7CC3502C-723F-4BF1-ABDE-4D02CEDBA02B}
	EndGlobalSection
EndGlobal
